{
  "name": "@writetome51/array-get-by-index",
  "version": "2.0.1",
  "lockfileVersion": 1,
  "requires": true,
  "dependencies": {
    "@writetome51/index-is-valid": {
      "version": "2.0.1",
      "resolved": "https://registry.npmjs.org/@writetome51/index-is-valid/-/index-is-valid-2.0.1.tgz",
      "integrity": "sha512-88BNF7+JWu4BEGyJHsw4eewlEIokegY2plwNlrhgxQCyB8gnVwuNGvThvhxvIV7cuyFeYx+ViNDESxX/WSIL1g=="
    },
    "error-if-index-not-valid": {
      "version": "2.0.0",
      "resolved": "https://registry.npmjs.org/error-if-index-not-valid/-/error-if-index-not-valid-2.0.0.tgz",
      "integrity": "sha512-YHcWv6Iwuhc+rTJrCwdbMMEP3cR9lPDzAfAPHJotdCXxFmyV9k+PtcFrc6CHrf4KU9AG8FLQ0SZ1wb+iZtUZRQ==",
      "requires": {
        "@writetome51/index-is-valid": "^2.0.0"
      }
    }
  }
}
